
Microsoft Visual Studio Solution File, Format Version 12.00
# Visual Studio Version 17
VisualStudioVersion = 17.1.32228.430
MinimumVisualStudioVersion = 10.0.40219.1
Project("{FAE04EC0-301F-11D3-BF4B-00C04F79EFBC}") = "platform-game", "platform-game.csproj", "{DFF5796E-3030-48F1-A578-D38E22F519C1}"
EndProject
Global
	GlobalSection(SolutionConfigurationPlatforms) = preSolution
		Debug|Any CPU = Debug|Any CPU
		Release|Any CPU = Release|Any CPU
	EndGlobalSection
	GlobalSection(ProjectConfigurationPlatforms) = postSolution
		{DFF5796E-3030-48F1-A578-D38E22F519C1}.Debug|Any CPU.ActiveCfg = Debug|Any CPU
		{DFF5796E-3030-48F1-A578-D38E22F519C1}.Debug|Any CPU.Build.0 = Debug|Any CPU
		{DFF5796E-3030-48F1-A578-D38E22F519C1}.Release|Any CPU.ActiveCfg = Release|Any CPU
		{DFF5796E-3030-48F1-A578-D38E22F519C1}.Release|Any CPU.Build.0 = Release|Any CPU
	EndGlobalSection
	GlobalSection(SolutionProperties) = preSolution
		HideSolutionNode = FALSE
	EndGlobalSection
	GlobalSection(ExtensibilityGlobals) = postSolution
		SolutionGuid = {F88B995F-379E-4C05-8F4D-0031894E3B50}
	EndGlobalSection
EndGlobal
